// !$*UTF8*$!
{
	archiveVersion = 1;
	classes = {
	};
	objectVersion = 48;
	objects = {

/* Begin PBXBuildFile section */
		6EDEEDE320405C0000EDBAB1 /* UpdateHelpers.swift in Sources */ = {isa = PBXBuildFile; fileRef = 6EDEEDE220405C0000EDBAB1 /* UpdateHelpers.swift */; };
		742A06242043B1C9000CE767 /* TimerHelper.swift in Sources */ = {isa = PBXBuildFile; fileRef = 742A06232043B1C9000CE767 /* TimerHelper.swift */; };
		7491CAB4203E5A4800E61C5A /* AppDelegate.swift in Sources */ = {isa = PBXBuildFile; fileRef = 7491CAB3203E5A4800E61C5A /* AppDelegate.swift */; };
		7491CAB9203E5A4800E61C5A /* Main.storyboard in Resources */ = {isa = PBXBuildFile; fileRef = 7491CAB7203E5A4800E61C5A /* Main.storyboard */; };
		7491CABB203E5A4800E61C5A /* Assets.xcassets in Resources */ = {isa = PBXBuildFile; fileRef = 7491CABA203E5A4800E61C5A /* Assets.xcassets */; };
		7491CABE203E5A4800E61C5A /* LaunchScreen.storyboard in Resources */ = {isa = PBXBuildFile; fileRef = 7491CABC203E5A4800E61C5A /* LaunchScreen.storyboard */; };
		7491CACA203E6B1500E61C5A /* Task.swift in Sources */ = {isa = PBXBuildFile; fileRef = 7491CAC9203E6B1500E61C5A /* Task.swift */; };
		7491CACC203E7F5F00E61C5A /* ViewController.swift in Sources */ = {isa = PBXBuildFile; fileRef = 7491CACB203E7F5F00E61C5A /* ViewController.swift */; };
		7491CACE203E80CD00E61C5A /* MainCell.swift in Sources */ = {isa = PBXBuildFile; fileRef = 7491CACD203E80CD00E61C5A /* MainCell.swift */; };
		74A29BF7203FA70200834062 /* ScrollHelpers.swift in Sources */ = {isa = PBXBuildFile; fileRef = 74A29BF6203FA70200834062 /* ScrollHelpers.swift */; };
		74A29BF9203FA74200834062 /* TableViewHelpers.swift in Sources */ = {isa = PBXBuildFile; fileRef = 74A29BF8203FA74200834062 /* TableViewHelpers.swift */; };
		74A29BFB203FA7AD00834062 /* ButtonHelpers.swift in Sources */ = {isa = PBXBuildFile; fileRef = 74A29BFA203FA7AD00834062 /* ButtonHelpers.swift */; };
		74A29BFD203FA7CE00834062 /* TaskHelpers.swift in Sources */ = {isa = PBXBuildFile; fileRef = 74A29BFC203FA7CE00834062 /* TaskHelpers.swift */; };
		74A29C03203FAFBA00834062 /* TextViewExtension.swift in Sources */ = {isa = PBXBuildFile; fileRef = 74A29C02203FAFBA00834062 /* TextViewExtension.swift */; };
		74A29C06203FB77A00834062 /* PickerViewHelpers.swift in Sources */ = {isa = PBXBuildFile; fileRef = 74A29C05203FB77A00834062 /* PickerViewHelpers.swift */; };
		74A29C08203FBB5000834062 /* TimeHelpers.swift in Sources */ = {isa = PBXBuildFile; fileRef = 74A29C07203FBB5000834062 /* TimeHelpers.swift */; };
		74FD11F6203EC17C006800A1 /* MainCellView.xib in Resources */ = {isa = PBXBuildFile; fileRef = 74FD11F5203EC17C006800A1 /* MainCellView.xib */; };
		74FD11F8203ECCEE006800A1 /* LayoutExtension.swift in Sources */ = {isa = PBXBuildFile; fileRef = 74FD11F7203ECCEE006800A1 /* LayoutExtension.swift */; };
/* End PBXBuildFile section */

/* Begin PBXFileReference section */
		6EDEEDE220405C0000EDBAB1 /* UpdateHelpers.swift */ = {isa = PBXFileReference; lastKnownFileType = sourcecode.swift; path = UpdateHelpers.swift; sourceTree = "<group>"; };
		742A06232043B1C9000CE767 /* TimerHelper.swift */ = {isa = PBXFileReference; lastKnownFileType = sourcecode.swift; path = TimerHelper.swift; sourceTree = "<group>"; };
		7491CAB0203E5A4700E61C5A /* Focus..app */ = {isa = PBXFileReference; explicitFileType = wrapper.application; includeInIndex = 0; path = Focus..app; sourceTree = BUILT_PRODUCTS_DIR; };
		7491CAB3203E5A4800E61C5A /* AppDelegate.swift */ = {isa = PBXFileReference; lastKnownFileType = sourcecode.swift; path = AppDelegate.swift; sourceTree = "<group>"; };
		7491CAB8203E5A4800E61C5A /* Base */ = {isa = PBXFileReference; lastKnownFileType = file.storyboard; name = Base; path = Base.lproj/Main.storyboard; sourceTree = "<group>"; };
		7491CABA203E5A4800E61C5A /* Assets.xcassets */ = {isa = PBXFileReference; lastKnownFileType = folder.assetcatalog; path = Assets.xcassets; sourceTree = "<group>"; };
		7491CABD203E5A4800E61C5A /* Base */ = {isa = PBXFileReference; lastKnownFileType = file.storyboard; name = Base; path = Base.lproj/LaunchScreen.storyboard; sourceTree = "<group>"; };
		7491CABF203E5A4800E61C5A /* Info.plist */ = {isa = PBXFileReference; lastKnownFileType = text.plist.xml; path = Info.plist; sourceTree = "<group>"; };
		7491CAC9203E6B1500E61C5A /* Task.swift */ = {isa = PBXFileReference; lastKnownFileType = sourcecode.swift; path = Task.swift; sourceTree = "<group>"; };
		7491CACB203E7F5F00E61C5A /* ViewController.swift */ = {isa = PBXFileReference; lastKnownFileType = sourcecode.swift; path = ViewController.swift; sourceTree = "<group>"; };
		7491CACD203E80CD00E61C5A /* MainCell.swift */ = {isa = PBXFileReference; lastKnownFileType = sourcecode.swift; path = MainCell.swift; sourceTree = "<group>"; };
		74A29BF6203FA70200834062 /* ScrollHelpers.swift */ = {isa = PBXFileReference; lastKnownFileType = sourcecode.swift; path = ScrollHelpers.swift; sourceTree = "<group>"; };
		74A29BF8203FA74200834062 /* TableViewHelpers.swift */ = {isa = PBXFileReference; lastKnownFileType = sourcecode.swift; path = TableViewHelpers.swift; sourceTree = "<group>"; };
		74A29BFA203FA7AD00834062 /* ButtonHelpers.swift */ = {isa = PBXFileReference; lastKnownFileType = sourcecode.swift; path = ButtonHelpers.swift; sourceTree = "<group>"; };
		74A29BFC203FA7CE00834062 /* TaskHelpers.swift */ = {isa = PBXFileReference; lastKnownFileType = sourcecode.swift; path = TaskHelpers.swift; sourceTree = "<group>"; };
		74A29C02203FAFBA00834062 /* TextViewExtension.swift */ = {isa = PBXFileReference; lastKnownFileType = sourcecode.swift; path = TextViewExtension.swift; sourceTree = "<group>"; };
		74A29C05203FB77A00834062 /* PickerViewHelpers.swift */ = {isa = PBXFileReference; lastKnownFileType = sourcecode.swift; path = PickerViewHelpers.swift; sourceTree = "<group>"; };
		74A29C07203FBB5000834062 /* TimeHelpers.swift */ = {isa = PBXFileReference; lastKnownFileType = sourcecode.swift; path = TimeHelpers.swift; sourceTree = "<group>"; };
		74FD11F5203EC17C006800A1 /* MainCellView.xib */ = {isa = PBXFileReference; lastKnownFileType = file.xib; path = MainCellView.xib; sourceTree = "<group>"; };
		74FD11F7203ECCEE006800A1 /* LayoutExtension.swift */ = {isa = PBXFileReference; lastKnownFileType = sourcecode.swift; path = LayoutExtension.swift; sourceTree = "<group>"; };
/* End PBXFileReference section */

/* Begin PBXFrameworksBuildPhase section */
		7491CAAD203E5A4700E61C5A /* Frameworks */ = {
			isa = PBXFrameworksBuildPhase;
			buildActionMask = 2147483647;
			files = (
			);
			runOnlyForDeploymentPostprocessing = 0;
		};
/* End PBXFrameworksBuildPhase section */

/* Begin PBXGroup section */
		7491CAA7203E5A4700E61C5A = {
			isa = PBXGroup;
			children = (
				7491CAB2203E5A4700E61C5A /* Focus. */,
				7491CAB1203E5A4700E61C5A /* Products */,
			);
			sourceTree = "<group>";
		};
		7491CAB1203E5A4700E61C5A /* Products */ = {
			isa = PBXGroup;
			children = (
				7491CAB0203E5A4700E61C5A /* Focus..app */,
			);
			name = Products;
			sourceTree = "<group>";
		};
		7491CAB2203E5A4700E61C5A /* Focus. */ = {
			isa = PBXGroup;
			children = (
				7491CAB3203E5A4800E61C5A /* AppDelegate.swift */,
				74A29C04203FAFDE00834062 /* Extensions */,
				7491CAC9203E6B1500E61C5A /* Task.swift */,
				74A29BFF203FA7EF00834062 /* Main Cell */,
				74A29C01203FA81000834062 /* View Helper */,
				7491CACB203E7F5F00E61C5A /* ViewController.swift */,
				7491CAB7203E5A4800E61C5A /* Main.storyboard */,
				7491CABA203E5A4800E61C5A /* Assets.xcassets */,
				7491CABC203E5A4800E61C5A /* LaunchScreen.storyboard */,
				7491CABF203E5A4800E61C5A /* Info.plist */,
			);
			path = Focus.;
			sourceTree = "<group>";
		};
		74A29BFF203FA7EF00834062 /* Main Cell */ = {
			isa = PBXGroup;
			children = (
				7491CACD203E80CD00E61C5A /* MainCell.swift */,
				74FD11F5203EC17C006800A1 /* MainCellView.xib */,
			);
			path = "Main Cell";
			sourceTree = "<group>";
		};
		74A29C01203FA81000834062 /* View Helper */ = {
			isa = PBXGroup;
			children = (
				74A29BFA203FA7AD00834062 /* ButtonHelpers.swift */,
				74A29BF6203FA70200834062 /* ScrollHelpers.swift */,
				74A29BF8203FA74200834062 /* TableViewHelpers.swift */,
				74A29BFC203FA7CE00834062 /* TaskHelpers.swift */,
				74A29C07203FBB5000834062 /* TimeHelpers.swift */,
				742A06232043B1C9000CE767 /* TimerHelper.swift */,
				74A29C05203FB77A00834062 /* PickerViewHelpers.swift */,
				6EDEEDE220405C0000EDBAB1 /* UpdateHelpers.swift */,
			);
			path = "View Helper";
			sourceTree = "<group>";
		};
		74A29C04203FAFDE00834062 /* Extensions */ = {
			isa = PBXGroup;
			children = (
				74FD11F7203ECCEE006800A1 /* LayoutExtension.swift */,
				74A29C02203FAFBA00834062 /* TextViewExtension.swift */,
			);
			path = Extensions;
			sourceTree = "<group>";
		};
/* End PBXGroup section */

/* Begin PBXNativeTarget section */
		7491CAAF203E5A4700E61C5A /* Focus. */ = {
			isa = PBXNativeTarget;
			buildConfigurationList = 7491CAC2203E5A4800E61C5A /* Build configuration list for PBXNativeTarget "Focus." */;
			buildPhases = (
				7491CAAC203E5A4700E61C5A /* Sources */,
				7491CAAD203E5A4700E61C5A /* Frameworks */,
				7491CAAE203E5A4700E61C5A /* Resources */,
			);
			buildRules = (
			);
			dependencies = (
			);
			name = Focus.;
			productName = Focus.;
			productReference = 7491CAB0203E5A4700E61C5A /* Focus..app */;
			productType = "com.apple.product-type.application";
		};
/* End PBXNativeTarget section */

/* Begin PBXProject section */
		7491CAA8203E5A4700E61C5A /* Project object */ = {
			isa = PBXProject;
			attributes = {
				LastSwiftUpdateCheck = 0920;
				LastUpgradeCheck = 0920;
				ORGANIZATIONNAME = james;
				TargetAttributes = {
					7491CAAF203E5A4700E61C5A = {
						CreatedOnToolsVersion = 9.2;
						ProvisioningStyle = Automatic;
					};
				};
			};
			buildConfigurationList = 7491CAAB203E5A4700E61C5A /* Build configuration list for PBXProject "Focus." */;
			compatibilityVersion = "Xcode 8.0";
			developmentRegion = en;
			hasScannedForEncodings = 0;
			knownRegions = (
				en,
				Base,
			);
			mainGroup = 7491CAA7203E5A4700E61C5A;
			productRefGroup = 7491CAB1203E5A4700E61C5A /* Products */;
			projectDirPath = "";
			projectRoot = "";
			targets = (
				7491CAAF203E5A4700E61C5A /* Focus. */,
			);
		};
/* End PBXProject section */

/* Begin PBXResourcesBuildPhase section */
		7491CAAE203E5A4700E61C5A /* Resources */ = {
			isa = PBXResourcesBuildPhase;
			buildActionMask = 2147483647;
			files = (
				7491CABE203E5A4800E61C5A /* LaunchScreen.storyboard in Resources */,
				74FD11F6203EC17C006800A1 /* MainCellView.xib in Resources */,
				7491CABB203E5A4800E61C5A /* Assets.xcassets in Resources */,
				7491CAB9203E5A4800E61C5A /* Main.storyboard in Resources */,
			);
			runOnlyForDeploymentPostprocessing = 0;
		};
/* End PBXResourcesBuildPhase section */

/* Begin PBXSourcesBuildPhase section */
		7491CAAC203E5A4700E61C5A /* Sources */ = {
			isa = PBXSourcesBuildPhase;
			buildActionMask = 2147483647;
			files = (
				74A29C06203FB77A00834062 /* PickerViewHelpers.swift in Sources */,
				74A29BF9203FA74200834062 /* TableViewHelpers.swift in Sources */,
				7491CACA203E6B1500E61C5A /* Task.swift in Sources */,
				6EDEEDE320405C0000EDBAB1 /* UpdateHelpers.swift in Sources */,
				7491CACE203E80CD00E61C5A /* MainCell.swift in Sources */,
				74A29C03203FAFBA00834062 /* TextViewExtension.swift in Sources */,
				7491CAB4203E5A4800E61C5A /* AppDelegate.swift in Sources */,
				74A29C08203FBB5000834062 /* TimeHelpers.swift in Sources */,
				74FD11F8203ECCEE006800A1 /* LayoutExtension.swift in Sources */,
				74A29BFB203FA7AD00834062 /* ButtonHelpers.swift in Sources */,
				74A29BF7203FA70200834062 /* ScrollHelpers.swift in Sources */,
				742A06242043B1C9000CE767 /* TimerHelper.swift in Sources */,
				74A29BFD203FA7CE00834062 /* TaskHelpers.swift in Sources */,
				7491CACC203E7F5F00E61C5A /* ViewController.swift in Sources */,
			);
			runOnlyForDeploymentPostprocessing = 0;
		};
/* End PBXSourcesBuildPhase section */

/* Begin PBXVariantGroup section */
		7491CAB7203E5A4800E61C5A /* Main.storyboard */ = {
			isa = PBXVariantGroup;
			children = (
				7491CAB8203E5A4800E61C5A /* Base */,
			);
			name = Main.storyboard;
			sourceTree = "<group>";
		};
		7491CABC203E5A4800E61C5A /* LaunchScreen.storyboard */ = {
			isa = PBXVariantGroup;
			children = (
				7491CABD203E5A4800E61C5A /* Base */,
			);
			name = LaunchScreen.storyboard;
			sourceTree = "<group>";
		};
/* End PBXVariantGroup section */

/* Begin XCBuildConfiguration section */
		7491CAC0203E5A4800E61C5A /* Debug */ = {
			isa = XCBuildConfiguration;
			buildSettings = {
				ALWAYS_SEARCH_USER_PATHS = NO;
				CLANG_ANALYZER_NONNULL = YES;
				CLANG_ANALYZER_NUMBER_OBJECT_CONVERSION = YES_AGGRESSIVE;
				CLANG_CXX_LANGUAGE_STANDARD = "gnu++14";
				CLANG_CXX_LIBRARY = "libc++";
				CLANG_ENABLE_MODULES = YES;
				CLANG_ENABLE_OBJC_ARC = YES;
				CLANG_WARN_BLOCK_CAPTURE_AUTORELEASING = YES;
				CLANG_WARN_BOOL_CONVERSION = YES;
				CLANG_WARN_COMMA = YES;
				CLANG_WARN_CONSTANT_CONVERSION = YES;
				CLANG_WARN_DIRECT_OBJC_ISA_USAGE = YES_ERROR;
				CLANG_WARN_DOCUMENTATION_COMMENTS = YES;
				CLANG_WARN_EMPTY_BODY = YES;
				CLANG_WARN_ENUM_CONVERSION = YES;
				CLANG_WARN_INFINITE_RECURSION = YES;
				CLANG_WARN_INT_CONVERSION = YES;
				CLANG_WARN_NON_LITERAL_NULL_CONVERSION = YES;
				CLANG_WARN_OBJC_LITERAL_CONVERSION = YES;
				CLANG_WARN_OBJC_ROOT_CLASS = YES_ERROR;
				CLANG_WARN_RANGE_LOOP_ANALYSIS = YES;
				CLANG_WARN_STRICT_PROTOTYPES = YES;
				CLANG_WARN_SUSPICIOUS_MOVE = YES;
				CLANG_WARN_UNGUARDED_AVAILABILITY = YES_AGGRESSIVE;
				CLANG_WARN_UNREACHABLE_CODE = YES;
				CLANG_WARN__DUPLICATE_METHOD_MATCH = YES;
				CODE_SIGN_IDENTITY = "iPhone Developer";
				COPY_PHASE_STRIP = NO;
				DEBUG_INFORMATION_FORMAT = dwarf;
				ENABLE_STRICT_OBJC_MSGSEND = YES;
				ENABLE_TESTABILITY = YES;
				GCC_C_LANGUAGE_STANDARD = gnu11;
				GCC_DYNAMIC_NO_PIC = NO;
				GCC_NO_COMMON_BLOCKS = YES;
				GCC_OPTIMIZATION_LEVEL = 0;
				GCC_PREPROCESSOR_DEFINITIONS = (
					"DEBUG=1",
					"$(inherited)",
				);
				GCC_WARN_64_TO_32_BIT_CONVERSION = YES;
				GCC_WARN_ABOUT_RETURN_TYPE = YES_ERROR;
				GCC_WARN_UNDECLARED_SELECTOR = YES;
				GCC_WARN_UNINITIALIZED_AUTOS = YES_AGGRESSIVE;
				GCC_WARN_UNUSED_FUNCTION = YES;
				GCC_WARN_UNUSED_VARIABLE = YES;
				IPHONEOS_DEPLOYMENT_TARGET = 9.0;
				MTL_ENABLE_DEBUG_INFO = YES;
				ONLY_ACTIVE_ARCH = YES;
				SDKROOT = iphoneos;
				SWIFT_ACTIVE_COMPILATION_CONDITIONS = DEBUG;
				SWIFT_OPTIMIZATION_LEVEL = "-Onone";
			};
			name = Debug;
		};
		7491CAC1203E5A4800E61C5A /* Release */ = {
			isa = XCBuildConfiguration;
			buildSettings = {
				ALWAYS_SEARCH_USER_PATHS = NO;
				CLANG_ANALYZER_NONNULL = YES;
				CLANG_ANALYZER_NUMBER_OBJECT_CONVERSION = YES_AGGRESSIVE;
				CLANG_CXX_LANGUAGE_STANDARD = "gnu++14";
				CLANG_CXX_LIBRARY = "libc++";
				CLANG_ENABLE_MODULES = YES;
				CLANG_ENABLE_OBJC_ARC = YES;
				CLANG_WARN_BLOCK_CAPTURE_AUTORELEASING = YES;
				CLANG_WARN_BOOL_CONVERSION = YES;
				CLANG_WARN_COMMA = YES;
				CLANG_WARN_CONSTANT_CONVERSION = YES;
				CLANG_WARN_DIRECT_OBJC_ISA_USAGE = YES_ERROR;
				CLANG_WARN_DOCUMENTATION_COMMENTS = YES;
				CLANG_WARN_EMPTY_BODY = YES;
				CLANG_WARN_ENUM_CONVERSION = YES;
				CLANG_WARN_INFINITE_RECURSION = YES;
				CLANG_WARN_INT_CONVERSION = YES;
				CLANG_WARN_NON_LITERAL_NULL_CONVERSION = YES;
				CLANG_WARN_OBJC_LITERAL_CONVERSION = YES;
				CLANG_WARN_OBJC_ROOT_CLASS = YES_ERROR;
				CLANG_WARN_RANGE_LOOP_ANALYSIS = YES;
				CLANG_WARN_STRICT_PROTOTYPES = YES;
				CLANG_WARN_SUSPICIOUS_MOVE = YES;
				CLANG_WARN_UNGUARDED_AVAILABILITY = YES_AGGRESSIVE;
				CLANG_WARN_UNREACHABLE_CODE = YES;
				CLANG_WARN__DUPLICATE_METHOD_MATCH = YES;
				CODE_SIGN_IDENTITY = "iPhone Developer";
				COPY_PHASE_STRIP = NO;
				DEBUG_INFORMATION_FORMAT = "dwarf-with-dsym";
				ENABLE_NS_ASSERTIONS = NO;
				ENABLE_STRICT_OBJC_MSGSEND = YES;
				GCC_C_LANGUAGE_STANDARD = gnu11;
				GCC_NO_COMMON_BLOCKS = YES;
				GCC_WARN_64_TO_32_BIT_CONVERSION = YES;
				GCC_WARN_ABOUT_RETURN_TYPE = YES_ERROR;
				GCC_WARN_UNDECLARED_SELECTOR = YES;
				GCC_WARN_UNINITIALIZED_AUTOS = YES_AGGRESSIVE;
				GCC_WARN_UNUSED_FUNCTION = YES;
				GCC_WARN_UNUSED_VARIABLE = YES;
				IPHONEOS_DEPLOYMENT_TARGET = 9.0;
				MTL_ENABLE_DEBUG_INFO = NO;
				SDKROOT = iphoneos;
				SWIFT_OPTIMIZATION_LEVEL = "-Owholemodule";
				VALIDATE_PRODUCT = YES;
			};
			name = Release;
		};
		7491CAC3203E5A4800E61C5A /* Debug */ = {
			isa = XCBuildConfiguration;
			buildSettings = {
				ASSETCATALOG_COMPILER_APPICON_NAME = AppIcon;
				CODE_SIGN_STYLE = Automatic;
				DEVELOPMENT_TEAM = 7K6ZTDFM48;
				INFOPLIST_FILE = Focus./Info.plist;
				IPHONEOS_DEPLOYMENT_TARGET = 9.0;
				LD_RUNPATH_SEARCH_PATHS = "$(inherited) @executable_path/Frameworks";
				PRODUCT_BUNDLE_IDENTIFIER = "com.jameslim.Focus-";
				PRODUCT_NAME = "$(TARGET_NAME)";
				SWIFT_VERSION = 4.0;
				TARGETED_DEVICE_FAMILY = "1,2";
			};
			name = Debug;
		};
		7491CAC4203E5A4800E61C5A /* Release */ = {
			isa = XCBuildConfiguration;
			buildSettings = {
				ASSETCATALOG_COMPILER_APPICON_NAME = AppIcon;
				CODE_SIGN_STYLE = Automatic;
				DEVELOPMENT_TEAM = 7K6ZTDFM48;
				INFOPLIST_FILE = Focus./Info.plist;
				IPHONEOS_DEPLOYMENT_TARGET = 9.0;
				LD_RUNPATH_SEARCH_PATHS = "$(inherited) @executable_path/Frameworks";
				PRODUCT_BUNDLE_IDENTIFIER = "com.jameslim.Focus-";
				PRODUCT_NAME = "$(TARGET_NAME)";
				SWIFT_VERSION = 4.0;
				TARGETED_DEVICE_FAMILY = "1,2";
			};
			name = Release;
		};
/* End XCBuildConfiguration section */

/* Begin XCConfigurationList section */
		7491CAAB203E5A4700E61C5A /* Build configuration list for PBXProject "Focus." */ = {
			isa = XCConfigurationList;
			buildConfigurations = (
				7491CAC0203E5A4800E61C5A /* Debug */,
				7491CAC1203E5A4800E61C5A /* Release */,
			);
			defaultConfigurationIsVisible = 0;
			defaultConfigurationName = Release;
		};
		7491CAC2203E5A4800E61C5A /* Build configuration list for PBXNativeTarget "Focus." */ = {
			isa = XCConfigurationList;
			buildConfigurations = (
				7491CAC3203E5A4800E61C5A /* Debug */,
				7491CAC4203E5A4800E61C5A /* Release */,
			);
			defaultConfigurationIsVisible = 0;
			defaultConfigurationName = Release;
		};
/* End XCConfigurationList section */
	};
	rootObject = 7491CAA8203E5A4700E61C5A /* Project object */;
}
